
Microsoft Visual Studio Solution File, Format Version 11.00
# Visual Studio 2010
Project("{8BC9CEB8-8B4A-11D0-8D11-00A0C91BC942}") = "gist", "gist\gist.vcxproj", "{39FD702F-8790-4831-92E0-E523640D4CAF}"
EndProject
Global
	GlobalSection(SolutionConfigurationPlatforms) = preSolution
		Debug|Win32 = Debug|Win32
		Release|Win32 = Release|Win32
	EndGlobalSection
	GlobalSection(ProjectConfigurationPlatforms) = postSolution
		{39FD702F-8790-4831-92E0-E523640D4CAF}.Debug|Win32.ActiveCfg = Debug|Win32
		{39FD702F-8790-4831-92E0-E523640D4CAF}.Debug|Win32.Build.0 = Debug|Win32
		{39FD702F-8790-4831-92E0-E523640D4CAF}.Release|Win32.ActiveCfg = Release|Win32
		{39FD702F-8790-4831-92E0-E523640D4CAF}.Release|Win32.Build.0 = Release|Win32
	EndGlobalSection
	GlobalSection(SolutionProperties) = preSolution
		HideSolutionNode = FALSE
	EndGlobalSection
EndGlobal
